
Microsoft Visual Studio Solution File, Format Version 12.00
# Visual Studio Version 16
VisualStudioVersion = 16.0.31019.35
MinimumVisualStudioVersion = 10.0.40219.1
Project("{9A19103F-16F7-4668-BE54-9A1E7A4F7556}") = "ImageToAscii", "ImageToAscii\ImageToAscii.csproj", "{8DB3C5CE-91E0-4E90-B358-AA5308B63D65}"
EndProject
Project("{9A19103F-16F7-4668-BE54-9A1E7A4F7556}") = "ImageToAsciiNUnitTests", "ImageToAsciiNUnitTests\ImageToAsciiNUnitTests.csproj", "{FD47993E-165D-486E-AFF7-418319687357}"
EndProject
Global
	GlobalSection(SolutionConfigurationPlatforms) = preSolution
		Debug|Any CPU = Debug|Any CPU
		Release|Any CPU = Release|Any CPU
	EndGlobalSection
	GlobalSection(ProjectConfigurationPlatforms) = postSolution
		{8DB3C5CE-91E0-4E90-B358-AA5308B63D65}.Debug|Any CPU.ActiveCfg = Debug|Any CPU
		{8DB3C5CE-91E0-4E90-B358-AA5308B63D65}.Debug|Any CPU.Build.0 = Debug|Any CPU
		{8DB3C5CE-91E0-4E90-B358-AA5308B63D65}.Release|Any CPU.ActiveCfg = Release|Any CPU
		{8DB3C5CE-91E0-4E90-B358-AA5308B63D65}.Release|Any CPU.Build.0 = Release|Any CPU
		{FD47993E-165D-486E-AFF7-418319687357}.Debug|Any CPU.ActiveCfg = Debug|Any CPU
		{FD47993E-165D-486E-AFF7-418319687357}.Debug|Any CPU.Build.0 = Debug|Any CPU
		{FD47993E-165D-486E-AFF7-418319687357}.Release|Any CPU.ActiveCfg = Release|Any CPU
		{FD47993E-165D-486E-AFF7-418319687357}.Release|Any CPU.Build.0 = Release|Any CPU
	EndGlobalSection
	GlobalSection(SolutionProperties) = preSolution
		HideSolutionNode = FALSE
	EndGlobalSection
	GlobalSection(ExtensibilityGlobals) = postSolution
		SolutionGuid = {0D56DF63-9839-45BE-8DBA-368A4C6C7A59}
	EndGlobalSection
EndGlobal
